// !$*UTF8*$!
{
	archiveVersion = 1;
	classes = {
	};
	objectVersion = 50;
	objects = {

/* Begin PBXBuildFile section */
		02770B79235AB29C006B80BA /* AppDelegate.swift in Sources */ = {isa = PBXBuildFile; fileRef = 02770B78235AB29C006B80BA /* AppDelegate.swift */; };
		02770B7B235AB29C006B80BA /* SceneDelegate.swift in Sources */ = {isa = PBXBuildFile; fileRef = 02770B7A235AB29C006B80BA /* SceneDelegate.swift */; };
		02770B80235AB29C006B80BA /* Main.storyboard in Resources */ = {isa = PBXBuildFile; fileRef = 02770B7E235AB29C006B80BA /* Main.storyboard */; };
		02770B82235AB2A2006B80BA /* Assets.xcassets in Resources */ = {isa = PBXBuildFile; fileRef = 02770B81235AB2A2006B80BA /* Assets.xcassets */; };
		02770B85235AB2A2006B80BA /* LaunchScreen.storyboard in Resources */ = {isa = PBXBuildFile; fileRef = 02770B83235AB2A2006B80BA /* LaunchScreen.storyboard */; };
		02770B8E235AB323006B80BA /* NewsListTableViewController.swift in Sources */ = {isa = PBXBuildFile; fileRef = 02770B8D235AB323006B80BA /* NewsListTableViewController.swift */; };
		02770B91235B73D5006B80BA /* WebService.swift in Sources */ = {isa = PBXBuildFile; fileRef = 02770B90235B73D4006B80BA /* WebService.swift */; };
		02770B94235B763F006B80BA /* Article.swift in Sources */ = {isa = PBXBuildFile; fileRef = 02770B93235B763F006B80BA /* Article.swift */; };
		02770B97235B87FC006B80BA /* ArticleViewModel.swift in Sources */ = {isa = PBXBuildFile; fileRef = 02770B96235B87FC006B80BA /* ArticleViewModel.swift */; };
		02770B9A235B8A3A006B80BA /* ArticleTableViewCell.swift in Sources */ = {isa = PBXBuildFile; fileRef = 02770B99235B8A3A006B80BA /* ArticleTableViewCell.swift */; };
/* End PBXBuildFile section */

/* Begin PBXFileReference section */
		02770B75235AB29C006B80BA /* NewsMVVM.app */ = {isa = PBXFileReference; explicitFileType = wrapper.application; includeInIndex = 0; path = NewsMVVM.app; sourceTree = BUILT_PRODUCTS_DIR; };
		02770B78235AB29C006B80BA /* AppDelegate.swift */ = {isa = PBXFileReference; lastKnownFileType = sourcecode.swift; path = AppDelegate.swift; sourceTree = "<group>"; };
		02770B7A235AB29C006B80BA /* SceneDelegate.swift */ = {isa = PBXFileReference; lastKnownFileType = sourcecode.swift; path = SceneDelegate.swift; sourceTree = "<group>"; };
		02770B7F235AB29C006B80BA /* Base */ = {isa = PBXFileReference; lastKnownFileType = file.storyboard; name = Base; path = Base.lproj/Main.storyboard; sourceTree = "<group>"; };
		02770B81235AB2A2006B80BA /* Assets.xcassets */ = {isa = PBXFileReference; lastKnownFileType = folder.assetcatalog; path = Assets.xcassets; sourceTree = "<group>"; };
		02770B84235AB2A2006B80BA /* Base */ = {isa = PBXFileReference; lastKnownFileType = file.storyboard; name = Base; path = Base.lproj/LaunchScreen.storyboard; sourceTree = "<group>"; };
		02770B86235AB2A2006B80BA /* Info.plist */ = {isa = PBXFileReference; lastKnownFileType = text.plist.xml; path = Info.plist; sourceTree = "<group>"; };
		02770B8D235AB323006B80BA /* NewsListTableViewController.swift */ = {isa = PBXFileReference; lastKnownFileType = sourcecode.swift; path = NewsListTableViewController.swift; sourceTree = "<group>"; };
		02770B90235B73D4006B80BA /* WebService.swift */ = {isa = PBXFileReference; lastKnownFileType = sourcecode.swift; path = WebService.swift; sourceTree = "<group>"; };
		02770B93235B763F006B80BA /* Article.swift */ = {isa = PBXFileReference; lastKnownFileType = sourcecode.swift; path = Article.swift; sourceTree = "<group>"; };
		02770B96235B87FC006B80BA /* ArticleViewModel.swift */ = {isa = PBXFileReference; lastKnownFileType = sourcecode.swift; path = ArticleViewModel.swift; sourceTree = "<group>"; };
		02770B99235B8A3A006B80BA /* ArticleTableViewCell.swift */ = {isa = PBXFileReference; lastKnownFileType = sourcecode.swift; path = ArticleTableViewCell.swift; sourceTree = "<group>"; };
/* End PBXFileReference section */

/* Begin PBXFrameworksBuildPhase section */
		02770B72235AB29C006B80BA /* Frameworks */ = {
			isa = PBXFrameworksBuildPhase;
			buildActionMask = 2147483647;
			files = (
			);
			runOnlyForDeploymentPostprocessing = 0;
		};
/* End PBXFrameworksBuildPhase section */

/* Begin PBXGroup section */
		02770B6C235AB29B006B80BA = {
			isa = PBXGroup;
			children = (
				02770B77235AB29C006B80BA /* NewsMVVM */,
				02770B76235AB29C006B80BA /* Products */,
			);
			sourceTree = "<group>";
		};
		02770B76235AB29C006B80BA /* Products */ = {
			isa = PBXGroup;
			children = (
				02770B75235AB29C006B80BA /* NewsMVVM.app */,
			);
			name = Products;
			sourceTree = "<group>";
		};
		02770B77235AB29C006B80BA /* NewsMVVM */ = {
			isa = PBXGroup;
			children = (
				02770B98235B8A1A006B80BA /* Cells */,
				02770B95235B87E8006B80BA /* View Models */,
				02770B92235B7632006B80BA /* Model */,
				02770B8F235AB864006B80BA /* Services */,
				02770B8C235AB2FB006B80BA /* Controllers */,
				02770B78235AB29C006B80BA /* AppDelegate.swift */,
				02770B7A235AB29C006B80BA /* SceneDelegate.swift */,
				02770B7E235AB29C006B80BA /* Main.storyboard */,
				02770B81235AB2A2006B80BA /* Assets.xcassets */,
				02770B83235AB2A2006B80BA /* LaunchScreen.storyboard */,
				02770B86235AB2A2006B80BA /* Info.plist */,
			);
			path = NewsMVVM;
			sourceTree = "<group>";
		};
		02770B8C235AB2FB006B80BA /* Controllers */ = {
			isa = PBXGroup;
			children = (
				02770B8D235AB323006B80BA /* NewsListTableViewController.swift */,
			);
			path = Controllers;
			sourceTree = "<group>";
		};
		02770B8F235AB864006B80BA /* Services */ = {
			isa = PBXGroup;
			children = (
				02770B90235B73D4006B80BA /* WebService.swift */,
			);
			path = Services;
			sourceTree = "<group>";
		};
		02770B92235B7632006B80BA /* Model */ = {
			isa = PBXGroup;
			children = (
				02770B93235B763F006B80BA /* Article.swift */,
			);
			path = Model;
			sourceTree = "<group>";
		};
		02770B95235B87E8006B80BA /* View Models */ = {
			isa = PBXGroup;
			children = (
				02770B96235B87FC006B80BA /* ArticleViewModel.swift */,
			);
			path = "View Models";
			sourceTree = "<group>";
		};
		02770B98235B8A1A006B80BA /* Cells */ = {
			isa = PBXGroup;
			children = (
				02770B99235B8A3A006B80BA /* ArticleTableViewCell.swift */,
			);
			path = Cells;
			sourceTree = "<group>";
		};
/* End PBXGroup section */

/* Begin PBXNativeTarget section */
		02770B74235AB29C006B80BA /* NewsMVVM */ = {
			isa = PBXNativeTarget;
			buildConfigurationList = 02770B89235AB2A2006B80BA /* Build configuration list for PBXNativeTarget "NewsMVVM" */;
			buildPhases = (
				02770B71235AB29C006B80BA /* Sources */,
				02770B72235AB29C006B80BA /* Frameworks */,
				02770B73235AB29C006B80BA /* Resources */,
			);
			buildRules = (
			);
			dependencies = (
			);
			name = NewsMVVM;
			productName = NewsMVVM;
			productReference = 02770B75235AB29C006B80BA /* NewsMVVM.app */;
			productType = "com.apple.product-type.application";
		};
/* End PBXNativeTarget section */

/* Begin PBXProject section */
		02770B6D235AB29B006B80BA /* Project object */ = {
			isa = PBXProject;
			attributes = {
				LastSwiftUpdateCheck = 1110;
				LastUpgradeCheck = 1110;
				ORGANIZATIONNAME = "Matthew Manion";
				TargetAttributes = {
					02770B74235AB29C006B80BA = {
						CreatedOnToolsVersion = 11.1;
					};
				};
			};
			buildConfigurationList = 02770B70235AB29B006B80BA /* Build configuration list for PBXProject "NewsMVVM" */;
			compatibilityVersion = "Xcode 9.3";
			developmentRegion = en;
			hasScannedForEncodings = 0;
			knownRegions = (
				en,
				Base,
			);
			mainGroup = 02770B6C235AB29B006B80BA;
			productRefGroup = 02770B76235AB29C006B80BA /* Products */;
			projectDirPath = "";
			projectRoot = "";
			targets = (
				02770B74235AB29C006B80BA /* NewsMVVM */,
			);
		};
/* End PBXProject section */

/* Begin PBXResourcesBuildPhase section */
		02770B73235AB29C006B80BA /* Resources */ = {
			isa = PBXResourcesBuildPhase;
			buildActionMask = 2147483647;
			files = (
				02770B85235AB2A2006B80BA /* LaunchScreen.storyboard in Resources */,
				02770B82235AB2A2006B80BA /* Assets.xcassets in Resources */,
				02770B80235AB29C006B80BA /* Main.storyboard in Resources */,
			);
			runOnlyForDeploymentPostprocessing = 0;
		};
/* End PBXResourcesBuildPhase section */

/* Begin PBXSourcesBuildPhase section */
		02770B71235AB29C006B80BA /* Sources */ = {
			isa = PBXSourcesBuildPhase;
			buildActionMask = 2147483647;
			files = (
				02770B79235AB29C006B80BA /* AppDelegate.swift in Sources */,
				02770B8E235AB323006B80BA /* NewsListTableViewController.swift in Sources */,
				02770B91235B73D5006B80BA /* WebService.swift in Sources */,
				02770B97235B87FC006B80BA /* ArticleViewModel.swift in Sources */,
				02770B7B235AB29C006B80BA /* SceneDelegate.swift in Sources */,
				02770B9A235B8A3A006B80BA /* ArticleTableViewCell.swift in Sources */,
				02770B94235B763F006B80BA /* Article.swift in Sources */,
			);
			runOnlyForDeploymentPostprocessing = 0;
		};
/* End PBXSourcesBuildPhase section */

/* Begin PBXVariantGroup section */
		02770B7E235AB29C006B80BA /* Main.storyboard */ = {
			isa = PBXVariantGroup;
			children = (
				02770B7F235AB29C006B80BA /* Base */,
			);
			name = Main.storyboard;
			sourceTree = "<group>";
		};
		02770B83235AB2A2006B80BA /* LaunchScreen.storyboard */ = {
			isa = PBXVariantGroup;
			children = (
				02770B84235AB2A2006B80BA /* Base */,
			);
			name = LaunchScreen.storyboard;
			sourceTree = "<group>";
		};
/* End PBXVariantGroup section */

/* Begin XCBuildConfiguration section */
		02770B87235AB2A2006B80BA /* Debug */ = {
			isa = XCBuildConfiguration;
			buildSettings = {
				ALWAYS_SEARCH_USER_PATHS = NO;
				CLANG_ANALYZER_NONNULL = YES;
				CLANG_ANALYZER_NUMBER_OBJECT_CONVERSION = YES_AGGRESSIVE;
				CLANG_CXX_LANGUAGE_STANDARD = "gnu++14";
				CLANG_CXX_LIBRARY = "libc++";
				CLANG_ENABLE_MODULES = YES;
				CLANG_ENABLE_OBJC_ARC = YES;
				CLANG_ENABLE_OBJC_WEAK = YES;
				CLANG_WARN_BLOCK_CAPTURE_AUTORELEASING = YES;
				CLANG_WARN_BOOL_CONVERSION = YES;
				CLANG_WARN_COMMA = YES;
				CLANG_WARN_CONSTANT_CONVERSION = YES;
				CLANG_WARN_DEPRECATED_OBJC_IMPLEMENTATIONS = YES;
				CLANG_WARN_DIRECT_OBJC_ISA_USAGE = YES_ERROR;
				CLANG_WARN_DOCUMENTATION_COMMENTS = YES;
				CLANG_WARN_EMPTY_BODY = YES;
				CLANG_WARN_ENUM_CONVERSION = YES;
				CLANG_WARN_INFINITE_RECURSION = YES;
				CLANG_WARN_INT_CONVERSION = YES;
				CLANG_WARN_NON_LITERAL_NULL_CONVERSION = YES;
				CLANG_WARN_OBJC_IMPLICIT_RETAIN_SELF = YES;
				CLANG_WARN_OBJC_LITERAL_CONVERSION = YES;
				CLANG_WARN_OBJC_ROOT_CLASS = YES_ERROR;
				CLANG_WARN_RANGE_LOOP_ANALYSIS = YES;
				CLANG_WARN_STRICT_PROTOTYPES = YES;
				CLANG_WARN_SUSPICIOUS_MOVE = YES;
				CLANG_WARN_UNGUARDED_AVAILABILITY = YES_AGGRESSIVE;
				CLANG_WARN_UNREACHABLE_CODE = YES;
				CLANG_WARN__DUPLICATE_METHOD_MATCH = YES;
				COPY_PHASE_STRIP = NO;
				DEBUG_INFORMATION_FORMAT = dwarf;
				ENABLE_STRICT_OBJC_MSGSEND = YES;
				ENABLE_TESTABILITY = YES;
				GCC_C_LANGUAGE_STANDARD = gnu11;
				GCC_DYNAMIC_NO_PIC = NO;
				GCC_NO_COMMON_BLOCKS = YES;
				GCC_OPTIMIZATION_LEVEL = 0;
				GCC_PREPROCESSOR_DEFINITIONS = (
					"DEBUG=1",
					"$(inherited)",
				);
				GCC_WARN_64_TO_32_BIT_CONVERSION = YES;
				GCC_WARN_ABOUT_RETURN_TYPE = YES_ERROR;
				GCC_WARN_UNDECLARED_SELECTOR = YES;
				GCC_WARN_UNINITIALIZED_AUTOS = YES_AGGRESSIVE;
				GCC_WARN_UNUSED_FUNCTION = YES;
				GCC_WARN_UNUSED_VARIABLE = YES;
				IPHONEOS_DEPLOYMENT_TARGET = 13.1;
				MTL_ENABLE_DEBUG_INFO = INCLUDE_SOURCE;
				MTL_FAST_MATH = YES;
				ONLY_ACTIVE_ARCH = YES;
				SDKROOT = iphoneos;
				SWIFT_ACTIVE_COMPILATION_CONDITIONS = DEBUG;
				SWIFT_OPTIMIZATION_LEVEL = "-Onone";
			};
			name = Debug;
		};
		02770B88235AB2A2006B80BA /* Release */ = {
			isa = XCBuildConfiguration;
			buildSettings = {
				ALWAYS_SEARCH_USER_PATHS = NO;
				CLANG_ANALYZER_NONNULL = YES;
				CLANG_ANALYZER_NUMBER_OBJECT_CONVERSION = YES_AGGRESSIVE;
				CLANG_CXX_LANGUAGE_STANDARD = "gnu++14";
				CLANG_CXX_LIBRARY = "libc++";
				CLANG_ENABLE_MODULES = YES;
				CLANG_ENABLE_OBJC_ARC = YES;
				CLANG_ENABLE_OBJC_WEAK = YES;
				CLANG_WARN_BLOCK_CAPTURE_AUTORELEASING = YES;
				CLANG_WARN_BOOL_CONVERSION = YES;
				CLANG_WARN_COMMA = YES;
				CLANG_WARN_CONSTANT_CONVERSION = YES;
				CLANG_WARN_DEPRECATED_OBJC_IMPLEMENTATIONS = YES;
				CLANG_WARN_DIRECT_OBJC_ISA_USAGE = YES_ERROR;
				CLANG_WARN_DOCUMENTATION_COMMENTS = YES;
				CLANG_WARN_EMPTY_BODY = YES;
				CLANG_WARN_ENUM_CONVERSION = YES;
				CLANG_WARN_INFINITE_RECURSION = YES;
				CLANG_WARN_INT_CONVERSION = YES;
				CLANG_WARN_NON_LITERAL_NULL_CONVERSION = YES;
				CLANG_WARN_OBJC_IMPLICIT_RETAIN_SELF = YES;
				CLANG_WARN_OBJC_LITERAL_CONVERSION = YES;
				CLANG_WARN_OBJC_ROOT_CLASS = YES_ERROR;
				CLANG_WARN_RANGE_LOOP_ANALYSIS = YES;
				CLANG_WARN_STRICT_PROTOTYPES = YES;
				CLANG_WARN_SUSPICIOUS_MOVE = YES;
				CLANG_WARN_UNGUARDED_AVAILABILITY = YES_AGGRESSIVE;
				CLANG_WARN_UNREACHABLE_CODE = YES;
				CLANG_WARN__DUPLICATE_METHOD_MATCH = YES;
				COPY_PHASE_STRIP = NO;
				DEBUG_INFORMATION_FORMAT = "dwarf-with-dsym";
				ENABLE_NS_ASSERTIONS = NO;
				ENABLE_STRICT_OBJC_MSGSEND = YES;
				GCC_C_LANGUAGE_STANDARD = gnu11;
				GCC_NO_COMMON_BLOCKS = YES;
				GCC_WARN_64_TO_32_BIT_CONVERSION = YES;
				GCC_WARN_ABOUT_RETURN_TYPE = YES_ERROR;
				GCC_WARN_UNDECLARED_SELECTOR = YES;
				GCC_WARN_UNINITIALIZED_AUTOS = YES_AGGRESSIVE;
				GCC_WARN_UNUSED_FUNCTION = YES;
				GCC_WARN_UNUSED_VARIABLE = YES;
				IPHONEOS_DEPLOYMENT_TARGET = 13.1;
				MTL_ENABLE_DEBUG_INFO = NO;
				MTL_FAST_MATH = YES;
				SDKROOT = iphoneos;
				SWIFT_COMPILATION_MODE = wholemodule;
				SWIFT_OPTIMIZATION_LEVEL = "-O";
				VALIDATE_PRODUCT = YES;
			};
			name = Release;
		};
		02770B8A235AB2A2006B80BA /* Debug */ = {
			isa = XCBuildConfiguration;
			buildSettings = {
				ASSETCATALOG_COMPILER_APPICON_NAME = AppIcon;
				CODE_SIGN_STYLE = Automatic;
				DEVELOPMENT_TEAM = 7NF7983PM9;
				INFOPLIST_FILE = NewsMVVM/Info.plist;
				LD_RUNPATH_SEARCH_PATHS = (
					"$(inherited)",
					"@executable_path/Frameworks",
				);
				PRODUCT_BUNDLE_IDENTIFIER = com.matthewmanion.NewsMVVM;
				PRODUCT_NAME = "$(TARGET_NAME)";
				SWIFT_VERSION = 5.0;
				TARGETED_DEVICE_FAMILY = "1,2";
			};
			name = Debug;
		};
		02770B8B235AB2A2006B80BA /* Release */ = {
			isa = XCBuildConfiguration;
			buildSettings = {
				ASSETCATALOG_COMPILER_APPICON_NAME = AppIcon;
				CODE_SIGN_STYLE = Automatic;
				DEVELOPMENT_TEAM = 7NF7983PM9;
				INFOPLIST_FILE = NewsMVVM/Info.plist;
				LD_RUNPATH_SEARCH_PATHS = (
					"$(inherited)",
					"@executable_path/Frameworks",
				);
				PRODUCT_BUNDLE_IDENTIFIER = com.matthewmanion.NewsMVVM;
				PRODUCT_NAME = "$(TARGET_NAME)";
				SWIFT_VERSION = 5.0;
				TARGETED_DEVICE_FAMILY = "1,2";
			};
			name = Release;
		};
/* End XCBuildConfiguration section */

/* Begin XCConfigurationList section */
		02770B70235AB29B006B80BA /* Build configuration list for PBXProject "NewsMVVM" */ = {
			isa = XCConfigurationList;
			buildConfigurations = (
				02770B87235AB2A2006B80BA /* Debug */,
				02770B88235AB2A2006B80BA /* Release */,
			);
			defaultConfigurationIsVisible = 0;
			defaultConfigurationName = Release;
		};
		02770B89235AB2A2006B80BA /* Build configuration list for PBXNativeTarget "NewsMVVM" */ = {
			isa = XCConfigurationList;
			buildConfigurations = (
				02770B8A235AB2A2006B80BA /* Debug */,
				02770B8B235AB2A2006B80BA /* Release */,
			);
			defaultConfigurationIsVisible = 0;
			defaultConfigurationName = Release;
		};
/* End XCConfigurationList section */
	};
	rootObject = 02770B6D235AB29B006B80BA /* Project object */;
}
